{
  "name": "tsrx-vscode",
  "version": "0.0.0",
  "lockfileVersion": 3,
  "requires": true,
  "packages": {
    "": {
      "name": "tsrx-vscode",
      "version": "0.0.0",
      "dependencies": {
        "tsrx-ts-plugin": "file:../ts-plugin"
      },
      "engines": {
        "vscode": "^1.88.0"
      }
    },
    "../ts-plugin": {
      "name": "tsrx-ts-plugin",
      "version": "0.0.0",
      "dependencies": {
        "@volar/typescript": "^2.4.0"
      },
      "peerDependencies": {
        "typescript": "*"
      }
    },
    "node_modules/tsrx-ts-plugin": {
      "resolved": "../ts-plugin",
      "link": true
    }
  }
}
